
Microsoft Visual Studio Solution File, Format Version 12.00
# Visual Studio Version 16
VisualStudioVersion = 16.0.30804.86
MinimumVisualStudioVersion = 10.0.40219.1
Project("{9A19103F-16F7-4668-BE54-9A1E7A4F7556}") = "ShowCase", "ShowCase\ShowCase.csproj", "{41437F25-B769-4722-93D3-919D2DC643AE}"
EndProject
Project("{9A19103F-16F7-4668-BE54-9A1E7A4F7556}") = "ShowCase.Repository", "ShowCase.Repository\ShowCase.Repository.csproj", "{5DE0B481-293F-417A-A4C9-AC04D11FDAAE}"
EndProject
Project("{9A19103F-16F7-4668-BE54-9A1E7A4F7556}") = "ShowCase.Data", "ShowCase.Data\ShowCase.Data.csproj", "{513A4D22-49CD-4E79-A6A7-45C5866371E0}"
EndProject
Project("{9A19103F-16F7-4668-BE54-9A1E7A4F7556}") = "ShowCaseAPI", "ShowCaseAPI\ShowCaseAPI.csproj", "{646CD694-4424-4FEB-8762-5022B8CF5C0C}"
EndProject
Project("{9A19103F-16F7-4668-BE54-9A1E7A4F7556}") = "ShowCase.Security", "ShowCase.Security\ShowCase.Security.csproj", "{A3140FA2-3C7E-443F-AF06-13F9C5468905}"
EndProject
Project("{FAE04EC0-301F-11D3-BF4B-00C04F79EFBC}") = "CrossPlatformApp.Android", "CrossPlatformApp\CrossPlatformApp.Android\CrossPlatformApp.Android.csproj", "{53CEA245-C307-4CCE-888F-B9258981071B}"
EndProject
Project("{FAE04EC0-301F-11D3-BF4B-00C04F79EFBC}") = "CrossPlatformApp.iOS", "CrossPlatformApp\CrossPlatformApp.iOS\CrossPlatformApp.iOS.csproj", "{B709E949-6CDF-45F8-9670-13671206E026}"
EndProject
Project("{FAE04EC0-301F-11D3-BF4B-00C04F79EFBC}") = "CrossPlatformApp", "CrossPlatformApp\CrossPlatformApp\CrossPlatformApp.csproj", "{C26B221F-8E25-4924-926E-277535E0DA63}"
EndProject
Global
	GlobalSection(SolutionConfigurationPlatforms) = preSolution
		Debug|Any CPU = Debug|Any CPU
		Debug|iPhone = Debug|iPhone
		Debug|iPhoneSimulator = Debug|iPhoneSimulator
		Release|Any CPU = Release|Any CPU
		Release|iPhone = Release|iPhone
		Release|iPhoneSimulator = Release|iPhoneSimulator
	EndGlobalSection
	GlobalSection(ProjectConfigurationPlatforms) = postSolution
		{41437F25-B769-4722-93D3-919D2DC643AE}.Debug|Any CPU.ActiveCfg = Debug|Any CPU
		{41437F25-B769-4722-93D3-919D2DC643AE}.Debug|Any CPU.Build.0 = Debug|Any CPU
		{41437F25-B769-4722-93D3-919D2DC643AE}.Debug|iPhone.ActiveCfg = Debug|Any CPU
		{41437F25-B769-4722-93D3-919D2DC643AE}.Debug|iPhone.Build.0 = Debug|Any CPU
		{41437F25-B769-4722-93D3-919D2DC643AE}.Debug|iPhoneSimulator.ActiveCfg = Debug|Any CPU
		{41437F25-B769-4722-93D3-919D2DC643AE}.Debug|iPhoneSimulator.Build.0 = Debug|Any CPU
		{41437F25-B769-4722-93D3-919D2DC643AE}.Release|Any CPU.ActiveCfg = Release|Any CPU
		{41437F25-B769-4722-93D3-919D2DC643AE}.Release|Any CPU.Build.0 = Release|Any CPU
		{41437F25-B769-4722-93D3-919D2DC643AE}.Release|iPhone.ActiveCfg = Release|Any CPU
		{41437F25-B769-4722-93D3-919D2DC643AE}.Release|iPhone.Build.0 = Release|Any CPU
		{41437F25-B769-4722-93D3-919D2DC643AE}.Release|iPhoneSimulator.ActiveCfg = Release|Any CPU
		{41437F25-B769-4722-93D3-919D2DC643AE}.Release|iPhoneSimulator.Build.0 = Release|Any CPU
		{5DE0B481-293F-417A-A4C9-AC04D11FDAAE}.Debug|Any CPU.ActiveCfg = Debug|Any CPU
		{5DE0B481-293F-417A-A4C9-AC04D11FDAAE}.Debug|Any CPU.Build.0 = Debug|Any CPU
		{5DE0B481-293F-417A-A4C9-AC04D11FDAAE}.Debug|iPhone.ActiveCfg = Debug|Any CPU
		{5DE0B481-293F-417A-A4C9-AC04D11FDAAE}.Debug|iPhone.Build.0 = Debug|Any CPU
		{5DE0B481-293F-417A-A4C9-AC04D11FDAAE}.Debug|iPhoneSimulator.ActiveCfg = Debug|Any CPU
		{5DE0B481-293F-417A-A4C9-AC04D11FDAAE}.Debug|iPhoneSimulator.Build.0 = Debug|Any CPU
		{5DE0B481-293F-417A-A4C9-AC04D11FDAAE}.Release|Any CPU.ActiveCfg = Release|Any CPU
		{5DE0B481-293F-417A-A4C9-AC04D11FDAAE}.Release|Any CPU.Build.0 = Release|Any CPU
		{5DE0B481-293F-417A-A4C9-AC04D11FDAAE}.Release|iPhone.ActiveCfg = Release|Any CPU
		{5DE0B481-293F-417A-A4C9-AC04D11FDAAE}.Release|iPhone.Build.0 = Release|Any CPU
		{5DE0B481-293F-417A-A4C9-AC04D11FDAAE}.Release|iPhoneSimulator.ActiveCfg = Release|Any CPU
		{5DE0B481-293F-417A-A4C9-AC04D11FDAAE}.Release|iPhoneSimulator.Build.0 = Release|Any CPU
		{513A4D22-49CD-4E79-A6A7-45C5866371E0}.Debug|Any CPU.ActiveCfg = Debug|Any CPU
		{513A4D22-49CD-4E79-A6A7-45C5866371E0}.Debug|Any CPU.Build.0 = Debug|Any CPU
		{513A4D22-49CD-4E79-A6A7-45C5866371E0}.Debug|iPhone.ActiveCfg = Debug|Any CPU
		{513A4D22-49CD-4E79-A6A7-45C5866371E0}.Debug|iPhone.Build.0 = Debug|Any CPU
		{513A4D22-49CD-4E79-A6A7-45C5866371E0}.Debug|iPhoneSimulator.ActiveCfg = Debug|Any CPU
		{513A4D22-49CD-4E79-A6A7-45C5866371E0}.Debug|iPhoneSimulator.Build.0 = Debug|Any CPU
		{513A4D22-49CD-4E79-A6A7-45C5866371E0}.Release|Any CPU.ActiveCfg = Release|Any CPU
		{513A4D22-49CD-4E79-A6A7-45C5866371E0}.Release|Any CPU.Build.0 = Release|Any CPU
		{513A4D22-49CD-4E79-A6A7-45C5866371E0}.Release|iPhone.ActiveCfg = Release|Any CPU
		{513A4D22-49CD-4E79-A6A7-45C5866371E0}.Release|iPhone.Build.0 = Release|Any CPU
		{513A4D22-49CD-4E79-A6A7-45C5866371E0}.Release|iPhoneSimulator.ActiveCfg = Release|Any CPU
		{513A4D22-49CD-4E79-A6A7-45C5866371E0}.Release|iPhoneSimulator.Build.0 = Release|Any CPU
		{646CD694-4424-4FEB-8762-5022B8CF5C0C}.Debug|Any CPU.ActiveCfg = Debug|Any CPU
		{646CD694-4424-4FEB-8762-5022B8CF5C0C}.Debug|Any CPU.Build.0 = Debug|Any CPU
		{646CD694-4424-4FEB-8762-5022B8CF5C0C}.Debug|iPhone.ActiveCfg = Debug|Any CPU
		{646CD694-4424-4FEB-8762-5022B8CF5C0C}.Debug|iPhone.Build.0 = Debug|Any CPU
		{646CD694-4424-4FEB-8762-5022B8CF5C0C}.Debug|iPhoneSimulator.ActiveCfg = Debug|Any CPU
		{646CD694-4424-4FEB-8762-5022B8CF5C0C}.Debug|iPhoneSimulator.Build.0 = Debug|Any CPU
		{646CD694-4424-4FEB-8762-5022B8CF5C0C}.Release|Any CPU.ActiveCfg = Release|Any CPU
		{646CD694-4424-4FEB-8762-5022B8CF5C0C}.Release|Any CPU.Build.0 = Release|Any CPU
		{646CD694-4424-4FEB-8762-5022B8CF5C0C}.Release|iPhone.ActiveCfg = Release|Any CPU
		{646CD694-4424-4FEB-8762-5022B8CF5C0C}.Release|iPhone.Build.0 = Release|Any CPU
		{646CD694-4424-4FEB-8762-5022B8CF5C0C}.Release|iPhoneSimulator.ActiveCfg = Release|Any CPU
		{646CD694-4424-4FEB-8762-5022B8CF5C0C}.Release|iPhoneSimulator.Build.0 = Release|Any CPU
		{A3140FA2-3C7E-443F-AF06-13F9C5468905}.Debug|Any CPU.ActiveCfg = Debug|Any CPU
		{A3140FA2-3C7E-443F-AF06-13F9C5468905}.Debug|Any CPU.Build.0 = Debug|Any CPU
		{A3140FA2-3C7E-443F-AF06-13F9C5468905}.Debug|iPhone.ActiveCfg = Debug|Any CPU
		{A3140FA2-3C7E-443F-AF06-13F9C5468905}.Debug|iPhone.Build.0 = Debug|Any CPU
		{A3140FA2-3C7E-443F-AF06-13F9C5468905}.Debug|iPhoneSimulator.ActiveCfg = Debug|Any CPU
		{A3140FA2-3C7E-443F-AF06-13F9C5468905}.Debug|iPhoneSimulator.Build.0 = Debug|Any CPU
		{A3140FA2-3C7E-443F-AF06-13F9C5468905}.Release|Any CPU.ActiveCfg = Release|Any CPU
		{A3140FA2-3C7E-443F-AF06-13F9C5468905}.Release|Any CPU.Build.0 = Release|Any CPU
		{A3140FA2-3C7E-443F-AF06-13F9C5468905}.Release|iPhone.ActiveCfg = Release|Any CPU
		{A3140FA2-3C7E-443F-AF06-13F9C5468905}.Release|iPhone.Build.0 = Release|Any CPU
		{A3140FA2-3C7E-443F-AF06-13F9C5468905}.Release|iPhoneSimulator.ActiveCfg = Release|Any CPU
		{A3140FA2-3C7E-443F-AF06-13F9C5468905}.Release|iPhoneSimulator.Build.0 = Release|Any CPU
		{53CEA245-C307-4CCE-888F-B9258981071B}.Debug|Any CPU.ActiveCfg = Debug|Any CPU
		{53CEA245-C307-4CCE-888F-B9258981071B}.Debug|Any CPU.Build.0 = Debug|Any CPU
		{53CEA245-C307-4CCE-888F-B9258981071B}.Debug|Any CPU.Deploy.0 = Debug|Any CPU
		{53CEA245-C307-4CCE-888F-B9258981071B}.Debug|iPhone.ActiveCfg = Debug|Any CPU
		{53CEA245-C307-4CCE-888F-B9258981071B}.Debug|iPhone.Build.0 = Debug|Any CPU
		{53CEA245-C307-4CCE-888F-B9258981071B}.Debug|iPhone.Deploy.0 = Debug|Any CPU
		{53CEA245-C307-4CCE-888F-B9258981071B}.Debug|iPhoneSimulator.ActiveCfg = Debug|Any CPU
		{53CEA245-C307-4CCE-888F-B9258981071B}.Debug|iPhoneSimulator.Build.0 = Debug|Any CPU
		{53CEA245-C307-4CCE-888F-B9258981071B}.Debug|iPhoneSimulator.Deploy.0 = Debug|Any CPU
		{53CEA245-C307-4CCE-888F-B9258981071B}.Release|Any CPU.ActiveCfg = Release|Any CPU
		{53CEA245-C307-4CCE-888F-B9258981071B}.Release|Any CPU.Build.0 = Release|Any CPU
		{53CEA245-C307-4CCE-888F-B9258981071B}.Release|Any CPU.Deploy.0 = Release|Any CPU
		{53CEA245-C307-4CCE-888F-B9258981071B}.Release|iPhone.ActiveCfg = Release|Any CPU
		{53CEA245-C307-4CCE-888F-B9258981071B}.Release|iPhone.Build.0 = Release|Any CPU
		{53CEA245-C307-4CCE-888F-B9258981071B}.Release|iPhone.Deploy.0 = Release|Any CPU
		{53CEA245-C307-4CCE-888F-B9258981071B}.Release|iPhoneSimulator.ActiveCfg = Release|Any CPU
		{53CEA245-C307-4CCE-888F-B9258981071B}.Release|iPhoneSimulator.Build.0 = Release|Any CPU
		{53CEA245-C307-4CCE-888F-B9258981071B}.Release|iPhoneSimulator.Deploy.0 = Release|Any CPU
		{B709E949-6CDF-45F8-9670-13671206E026}.Debug|Any CPU.ActiveCfg = Debug|iPhoneSimulator
		{B709E949-6CDF-45F8-9670-13671206E026}.Debug|iPhone.ActiveCfg = Debug|iPhone
		{B709E949-6CDF-45F8-9670-13671206E026}.Debug|iPhone.Build.0 = Debug|iPhone
		{B709E949-6CDF-45F8-9670-13671206E026}.Debug|iPhoneSimulator.ActiveCfg = Debug|iPhoneSimulator
		{B709E949-6CDF-45F8-9670-13671206E026}.Debug|iPhoneSimulator.Build.0 = Debug|iPhoneSimulator
		{B709E949-6CDF-45F8-9670-13671206E026}.Release|Any CPU.ActiveCfg = Release|iPhoneSimulator
		{B709E949-6CDF-45F8-9670-13671206E026}.Release|iPhone.ActiveCfg = Release|iPhone
		{B709E949-6CDF-45F8-9670-13671206E026}.Release|iPhone.Build.0 = Release|iPhone
		{B709E949-6CDF-45F8-9670-13671206E026}.Release|iPhoneSimulator.ActiveCfg = Release|iPhoneSimulator
		{B709E949-6CDF-45F8-9670-13671206E026}.Release|iPhoneSimulator.Build.0 = Release|iPhoneSimulator
		{C26B221F-8E25-4924-926E-277535E0DA63}.Debug|Any CPU.ActiveCfg = Debug|Any CPU
		{C26B221F-8E25-4924-926E-277535E0DA63}.Debug|Any CPU.Build.0 = Debug|Any CPU
		{C26B221F-8E25-4924-926E-277535E0DA63}.Debug|iPhone.ActiveCfg = Debug|Any CPU
		{C26B221F-8E25-4924-926E-277535E0DA63}.Debug|iPhone.Build.0 = Debug|Any CPU
		{C26B221F-8E25-4924-926E-277535E0DA63}.Debug|iPhoneSimulator.ActiveCfg = Debug|Any CPU
		{C26B221F-8E25-4924-926E-277535E0DA63}.Debug|iPhoneSimulator.Build.0 = Debug|Any CPU
		{C26B221F-8E25-4924-926E-277535E0DA63}.Release|Any CPU.ActiveCfg = Release|Any CPU
		{C26B221F-8E25-4924-926E-277535E0DA63}.Release|Any CPU.Build.0 = Release|Any CPU
		{C26B221F-8E25-4924-926E-277535E0DA63}.Release|iPhone.ActiveCfg = Release|Any CPU
		{C26B221F-8E25-4924-926E-277535E0DA63}.Release|iPhone.Build.0 = Release|Any CPU
		{C26B221F-8E25-4924-926E-277535E0DA63}.Release|iPhoneSimulator.ActiveCfg = Release|Any CPU
		{C26B221F-8E25-4924-926E-277535E0DA63}.Release|iPhoneSimulator.Build.0 = Release|Any CPU
	EndGlobalSection
	GlobalSection(SolutionProperties) = preSolution
		HideSolutionNode = FALSE
	EndGlobalSection
	GlobalSection(ExtensibilityGlobals) = postSolution
		SolutionGuid = {12897EEA-C8CF-4F88-AD06-0CEDF0030EA7}
	EndGlobalSection
EndGlobal
